
Microsoft Visual Studio Solution File, Format Version 12.00
# Visual Studio Version 17
VisualStudioVersion = 17.5.002.0
MinimumVisualStudioVersion = 10.0.40219.1
Project("{9A19103F-16F7-4668-BE54-9A1E7A4F7556}") = "BookApp", "BookApp.csproj", "{C8C997A5-D6EF-4366-97AD-D21F54B6F053}"
EndProject
Global
	GlobalSection(SolutionConfigurationPlatforms) = preSolution
		Debug|Any CPU = Debug|Any CPU
		Release|Any CPU = Release|Any CPU
	EndGlobalSection
	GlobalSection(ProjectConfigurationPlatforms) = postSolution
		{C8C997A5-D6EF-4366-97AD-D21F54B6F053}.Debug|Any CPU.ActiveCfg = Debug|Any CPU
		{C8C997A5-D6EF-4366-97AD-D21F54B6F053}.Debug|Any CPU.Build.0 = Debug|Any CPU
		{C8C997A5-D6EF-4366-97AD-D21F54B6F053}.Release|Any CPU.ActiveCfg = Release|Any CPU
		{C8C997A5-D6EF-4366-97AD-D21F54B6F053}.Release|Any CPU.Build.0 = Release|Any CPU
	EndGlobalSection
	GlobalSection(SolutionProperties) = preSolution
		HideSolutionNode = FALSE
	EndGlobalSection
	GlobalSection(ExtensibilityGlobals) = postSolution
		SolutionGuid = {72BAD302-F380-4412-B668-B149EC8487AD}
	EndGlobalSection
EndGlobal
